
Microsoft Visual Studio Solution File, Format Version 12.00
# Visual Studio 15
VisualStudioVersion = 15.0.28010.2019
MinimumVisualStudioVersion = 10.0.40219.1
Project("{888888A0-9F3D-457C-B088-3A5042F75D52}") = "BioInformatics_Introduction", "BioInformatics_Introduction\BioInformatics_Introduction.pyproj", "{3C6C725A-8F77-48FC-AC57-2FE31E59EB12}"
EndProject
Global
	GlobalSection(SolutionConfigurationPlatforms) = preSolution
		Debug|Any CPU = Debug|Any CPU
		Release|Any CPU = Release|Any CPU
	EndGlobalSection
	GlobalSection(ProjectConfigurationPlatforms) = postSolution
		{3C6C725A-8F77-48FC-AC57-2FE31E59EB12}.Debug|Any CPU.ActiveCfg = Debug|Any CPU
		{3C6C725A-8F77-48FC-AC57-2FE31E59EB12}.Release|Any CPU.ActiveCfg = Release|Any CPU
	EndGlobalSection
	GlobalSection(SolutionProperties) = preSolution
		HideSolutionNode = FALSE
	EndGlobalSection
	GlobalSection(ExtensibilityGlobals) = postSolution
		SolutionGuid = {96995DF5-1C5C-4B56-8905-2A267684851A}
	EndGlobalSection
EndGlobal
